// !$*UTF8*$!
{
	archiveVersion = 1;
	classes = {
	};
	objectVersion = 46;
	objects = {

/* Begin PBXBuildFile section */
		302F9B101E9A91640065A630 /* main.m in Sources */ = {isa = PBXBuildFile; fileRef = 302F9B0F1E9A91640065A630 /* main.m */; };
		302F9B131E9A91640065A630 /* AppDelegate.m in Sources */ = {isa = PBXBuildFile; fileRef = 302F9B121E9A91640065A630 /* AppDelegate.m */; };
		302F9B161E9A91640065A630 /* ViewController.m in Sources */ = {isa = PBXBuildFile; fileRef = 302F9B151E9A91640065A630 /* ViewController.m */; };
		302F9B191E9A91640065A630 /* Main.storyboard in Resources */ = {isa = PBXBuildFile; fileRef = 302F9B171E9A91640065A630 /* Main.storyboard */; };
		302F9B1C1E9A91640065A630 /* ClarionNavigation.xcdatamodeld in Sources */ = {isa = PBXBuildFile; fileRef = 302F9B1A1E9A91640065A630 /* ClarionNavigation.xcdatamodeld */; };
		302F9B1E1E9A91640065A630 /* Assets.xcassets in Resources */ = {isa = PBXBuildFile; fileRef = 302F9B1D1E9A91640065A630 /* Assets.xcassets */; };
		302F9B211E9A91640065A630 /* LaunchScreen.storyboard in Resources */ = {isa = PBXBuildFile; fileRef = 302F9B1F1E9A91640065A630 /* LaunchScreen.storyboard */; };
		302F9B2C1E9A91640065A630 /* ClarionNavigationTests.m in Sources */ = {isa = PBXBuildFile; fileRef = 302F9B2B1E9A91640065A630 /* ClarionNavigationTests.m */; };
		302F9B371E9A91640065A630 /* ClarionNavigationUITests.m in Sources */ = {isa = PBXBuildFile; fileRef = 302F9B361E9A91640065A630 /* ClarionNavigationUITests.m */; };
		302F9B471E9BBA2D0065A630 /* UIKit.framework in Frameworks */ = {isa = PBXBuildFile; fileRef = 302F9B461E9BBA2D0065A630 /* UIKit.framework */; };
		302F9B491E9BBA410065A630 /* CoreGraphics.framework in Frameworks */ = {isa = PBXBuildFile; fileRef = 302F9B481E9BBA410065A630 /* CoreGraphics.framework */; };
		302F9B4B1E9BBA730065A630 /* AssetsLibrary.framework in Frameworks */ = {isa = PBXBuildFile; fileRef = 302F9B4A1E9BBA730065A630 /* AssetsLibrary.framework */; };
		302F9B4D1E9BBA800065A630 /* AVFoundation.framework in Frameworks */ = {isa = PBXBuildFile; fileRef = 302F9B4C1E9BBA800065A630 /* AVFoundation.framework */; };
		302F9B4F1E9BBA930065A630 /* CoreVideo.framework in Frameworks */ = {isa = PBXBuildFile; fileRef = 302F9B4E1E9BBA930065A630 /* CoreVideo.framework */; };
		302F9B511E9BBA9D0065A630 /* CoreMedia.framework in Frameworks */ = {isa = PBXBuildFile; fileRef = 302F9B501E9BBA9D0065A630 /* CoreMedia.framework */; };
		302F9B531E9BBAA80065A630 /* QuartzCore.framework in Frameworks */ = {isa = PBXBuildFile; fileRef = 302F9B521E9BBAA80065A630 /* QuartzCore.framework */; };
		302F9B551E9BBAB50065A630 /* Foundation.framework in Frameworks */ = {isa = PBXBuildFile; fileRef = 302F9B541E9BBAB50065A630 /* Foundation.framework */; };
		3E5E96341EA68CE3000BD2C2 /* MainMenuView.m in Sources */ = {isa = PBXBuildFile; fileRef = 3E5E96321EA68CE3000BD2C2 /* MainMenuView.m */; };
		3E5E96351EA68CE3000BD2C2 /* MainMenuView.xib in Resources */ = {isa = PBXBuildFile; fileRef = 3E5E96331EA68CE3000BD2C2 /* MainMenuView.xib */; };
		3E5E964A1EA76D06000BD2C2 /* UIColor+Clarion.m in Sources */ = {isa = PBXBuildFile; fileRef = 3E5E96491EA76D06000BD2C2 /* UIColor+Clarion.m */; };
		3E5E964E1EA76ECA000BD2C2 /* SearchControllerHandler.m in Sources */ = {isa = PBXBuildFile; fileRef = 3E5E964D1EA76ECA000BD2C2 /* SearchControllerHandler.m */; };
		3E5E96511EA77E60000BD2C2 /* ClarionSearchBar.m in Sources */ = {isa = PBXBuildFile; fileRef = 3E5E96501EA77E60000BD2C2 /* ClarionSearchBar.m */; };
		3E5E96541EA77EB0000BD2C2 /* ClarionSearchController.m in Sources */ = {isa = PBXBuildFile; fileRef = 3E5E96531EA77EB0000BD2C2 /* ClarionSearchController.m */; };
		3E5E96581EA7A0BF000BD2C2 /* RoundedView.m in Sources */ = {isa = PBXBuildFile; fileRef = 3E5E96571EA7A0BF000BD2C2 /* RoundedView.m */; };
		4A3819B1240D2C56E8C12FDB /* libPods-ClarionNavigation.a in Frameworks */ = {isa = PBXBuildFile; fileRef = CD13EB4E535FCD5AF62032EB /* libPods-ClarionNavigation.a */; };
/* End PBXBuildFile section */

/* Begin PBXContainerItemProxy section */
		302F9B281E9A91640065A630 /* PBXContainerItemProxy */ = {
			isa = PBXContainerItemProxy;
			containerPortal = 302F9B031E9A91640065A630 /* Project object */;
			proxyType = 1;
			remoteGlobalIDString = 302F9B0A1E9A91640065A630;
			remoteInfo = ClarionNavigation;
		};
		302F9B331E9A91640065A630 /* PBXContainerItemProxy */ = {
			isa = PBXContainerItemProxy;
			containerPortal = 302F9B031E9A91640065A630 /* Project object */;
			proxyType = 1;
			remoteGlobalIDString = 302F9B0A1E9A91640065A630;
			remoteInfo = ClarionNavigation;
		};
/* End PBXContainerItemProxy section */

/* Begin PBXFileReference section */
		302F9B0B1E9A91640065A630 /* ClarionNavigation.app */ = {isa = PBXFileReference; explicitFileType = wrapper.application; includeInIndex = 0; path = ClarionNavigation.app; sourceTree = BUILT_PRODUCTS_DIR; };
		302F9B0F1E9A91640065A630 /* main.m */ = {isa = PBXFileReference; lastKnownFileType = sourcecode.c.objc; path = main.m; sourceTree = "<group>"; };
		302F9B111E9A91640065A630 /* AppDelegate.h */ = {isa = PBXFileReference; lastKnownFileType = sourcecode.c.h; path = AppDelegate.h; sourceTree = "<group>"; };
		302F9B121E9A91640065A630 /* AppDelegate.m */ = {isa = PBXFileReference; lastKnownFileType = sourcecode.c.objc; path = AppDelegate.m; sourceTree = "<group>"; };
		302F9B141E9A91640065A630 /* ViewController.h */ = {isa = PBXFileReference; lastKnownFileType = sourcecode.c.h; path = ViewController.h; sourceTree = "<group>"; };
		302F9B151E9A91640065A630 /* ViewController.m */ = {isa = PBXFileReference; lastKnownFileType = sourcecode.c.objc; path = ViewController.m; sourceTree = "<group>"; };
		302F9B181E9A91640065A630 /* Base */ = {isa = PBXFileReference; lastKnownFileType = file.storyboard; name = Base; path = Base.lproj/Main.storyboard; sourceTree = "<group>"; };
		302F9B1B1E9A91640065A630 /* ClarionNavigation.xcdatamodel */ = {isa = PBXFileReference; lastKnownFileType = wrapper.xcdatamodel; path = ClarionNavigation.xcdatamodel; sourceTree = "<group>"; };
		302F9B1D1E9A91640065A630 /* Assets.xcassets */ = {isa = PBXFileReference; lastKnownFileType = folder.assetcatalog; path = Assets.xcassets; sourceTree = "<group>"; };
		302F9B201E9A91640065A630 /* Base */ = {isa = PBXFileReference; lastKnownFileType = file.storyboard; name = Base; path = Base.lproj/LaunchScreen.storyboard; sourceTree = "<group>"; };
		302F9B221E9A91640065A630 /* Info.plist */ = {isa = PBXFileReference; lastKnownFileType = text.plist.xml; path = Info.plist; sourceTree = "<group>"; };
		302F9B271E9A91640065A630 /* ClarionNavigationTests.xctest */ = {isa = PBXFileReference; explicitFileType = wrapper.cfbundle; includeInIndex = 0; path = ClarionNavigationTests.xctest; sourceTree = BUILT_PRODUCTS_DIR; };
		302F9B2B1E9A91640065A630 /* ClarionNavigationTests.m */ = {isa = PBXFileReference; lastKnownFileType = sourcecode.c.objc; path = ClarionNavigationTests.m; sourceTree = "<group>"; };
		302F9B2D1E9A91640065A630 /* Info.plist */ = {isa = PBXFileReference; lastKnownFileType = text.plist.xml; path = Info.plist; sourceTree = "<group>"; };
		302F9B321E9A91640065A630 /* ClarionNavigationUITests.xctest */ = {isa = PBXFileReference; explicitFileType = wrapper.cfbundle; includeInIndex = 0; path = ClarionNavigationUITests.xctest; sourceTree = BUILT_PRODUCTS_DIR; };
		302F9B361E9A91640065A630 /* ClarionNavigationUITests.m */ = {isa = PBXFileReference; lastKnownFileType = sourcecode.c.objc; path = ClarionNavigationUITests.m; sourceTree = "<group>"; };
		302F9B381E9A91640065A630 /* Info.plist */ = {isa = PBXFileReference; lastKnownFileType = text.plist.xml; path = Info.plist; sourceTree = "<group>"; };
		302F9B461E9BBA2D0065A630 /* UIKit.framework */ = {isa = PBXFileReference; lastKnownFileType = wrapper.framework; name = UIKit.framework; path = System/Library/Frameworks/UIKit.framework; sourceTree = SDKROOT; };
		302F9B481E9BBA410065A630 /* CoreGraphics.framework */ = {isa = PBXFileReference; lastKnownFileType = wrapper.framework; name = CoreGraphics.framework; path = System/Library/Frameworks/CoreGraphics.framework; sourceTree = SDKROOT; };
		302F9B4A1E9BBA730065A630 /* AssetsLibrary.framework */ = {isa = PBXFileReference; lastKnownFileType = wrapper.framework; name = AssetsLibrary.framework; path = System/Library/Frameworks/AssetsLibrary.framework; sourceTree = SDKROOT; };
		302F9B4C1E9BBA800065A630 /* AVFoundation.framework */ = {isa = PBXFileReference; lastKnownFileType = wrapper.framework; name = AVFoundation.framework; path = System/Library/Frameworks/AVFoundation.framework; sourceTree = SDKROOT; };
		302F9B4E1E9BBA930065A630 /* CoreVideo.framework */ = {isa = PBXFileReference; lastKnownFileType = wrapper.framework; name = CoreVideo.framework; path = System/Library/Frameworks/CoreVideo.framework; sourceTree = SDKROOT; };
		302F9B501E9BBA9D0065A630 /* CoreMedia.framework */ = {isa = PBXFileReference; lastKnownFileType = wrapper.framework; name = CoreMedia.framework; path = System/Library/Frameworks/CoreMedia.framework; sourceTree = SDKROOT; };
		302F9B521E9BBAA80065A630 /* QuartzCore.framework */ = {isa = PBXFileReference; lastKnownFileType = wrapper.framework; name = QuartzCore.framework; path = System/Library/Frameworks/QuartzCore.framework; sourceTree = SDKROOT; };
		302F9B541E9BBAB50065A630 /* Foundation.framework */ = {isa = PBXFileReference; lastKnownFileType = wrapper.framework; name = Foundation.framework; path = System/Library/Frameworks/Foundation.framework; sourceTree = SDKROOT; };
		3E5E96311EA68CE3000BD2C2 /* MainMenuView.h */ = {isa = PBXFileReference; fileEncoding = 4; lastKnownFileType = sourcecode.c.h; path = MainMenuView.h; sourceTree = "<group>"; };
		3E5E96321EA68CE3000BD2C2 /* MainMenuView.m */ = {isa = PBXFileReference; fileEncoding = 4; lastKnownFileType = sourcecode.c.objc; path = MainMenuView.m; sourceTree = "<group>"; };
		3E5E96331EA68CE3000BD2C2 /* MainMenuView.xib */ = {isa = PBXFileReference; fileEncoding = 4; lastKnownFileType = file.xib; path = MainMenuView.xib; sourceTree = "<group>"; };
		3E5E96481EA76D06000BD2C2 /* UIColor+Clarion.h */ = {isa = PBXFileReference; fileEncoding = 4; lastKnownFileType = sourcecode.c.h; path = "UIColor+Clarion.h"; sourceTree = "<group>"; };
		3E5E96491EA76D06000BD2C2 /* UIColor+Clarion.m */ = {isa = PBXFileReference; fileEncoding = 4; lastKnownFileType = sourcecode.c.objc; path = "UIColor+Clarion.m"; sourceTree = "<group>"; };
		3E5E964C1EA76ECA000BD2C2 /* SearchControllerHandler.h */ = {isa = PBXFileReference; fileEncoding = 4; lastKnownFileType = sourcecode.c.h; path = SearchControllerHandler.h; sourceTree = "<group>"; };
		3E5E964D1EA76ECA000BD2C2 /* SearchControllerHandler.m */ = {isa = PBXFileReference; fileEncoding = 4; lastKnownFileType = sourcecode.c.objc; path = SearchControllerHandler.m; sourceTree = "<group>"; };
		3E5E964F1EA77E60000BD2C2 /* ClarionSearchBar.h */ = {isa = PBXFileReference; fileEncoding = 4; lastKnownFileType = sourcecode.c.h; path = ClarionSearchBar.h; sourceTree = "<group>"; };
		3E5E96501EA77E60000BD2C2 /* ClarionSearchBar.m */ = {isa = PBXFileReference; fileEncoding = 4; lastKnownFileType = sourcecode.c.objc; path = ClarionSearchBar.m; sourceTree = "<group>"; };
		3E5E96521EA77EB0000BD2C2 /* ClarionSearchController.h */ = {isa = PBXFileReference; fileEncoding = 4; lastKnownFileType = sourcecode.c.h; path = ClarionSearchController.h; sourceTree = "<group>"; };
		3E5E96531EA77EB0000BD2C2 /* ClarionSearchController.m */ = {isa = PBXFileReference; fileEncoding = 4; lastKnownFileType = sourcecode.c.objc; path = ClarionSearchController.m; sourceTree = "<group>"; };
		3E5E96561EA7A0BF000BD2C2 /* RoundedView.h */ = {isa = PBXFileReference; fileEncoding = 4; lastKnownFileType = sourcecode.c.h; path = RoundedView.h; sourceTree = "<group>"; };
		3E5E96571EA7A0BF000BD2C2 /* RoundedView.m */ = {isa = PBXFileReference; fileEncoding = 4; lastKnownFileType = sourcecode.c.objc; path = RoundedView.m; sourceTree = "<group>"; };
		903BAB818436100B6B977E53 /* Pods-ClarionNavigation.debug.xcconfig */ = {isa = PBXFileReference; includeInIndex = 1; lastKnownFileType = text.xcconfig; name = "Pods-ClarionNavigation.debug.xcconfig"; path = "Pods/Target Support Files/Pods-ClarionNavigation/Pods-ClarionNavigation.debug.xcconfig"; sourceTree = "<group>"; };
		CD13EB4E535FCD5AF62032EB /* libPods-ClarionNavigation.a */ = {isa = PBXFileReference; explicitFileType = archive.ar; includeInIndex = 0; path = "libPods-ClarionNavigation.a"; sourceTree = BUILT_PRODUCTS_DIR; };
		D2F3A2A72DFE61ED23115DE3 /* Pods-ClarionNavigation.release.xcconfig */ = {isa = PBXFileReference; includeInIndex = 1; lastKnownFileType = text.xcconfig; name = "Pods-ClarionNavigation.release.xcconfig"; path = "Pods/Target Support Files/Pods-ClarionNavigation/Pods-ClarionNavigation.release.xcconfig"; sourceTree = "<group>"; };
/* End PBXFileReference section */

/* Begin PBXFrameworksBuildPhase section */
		302F9B081E9A91640065A630 /* Frameworks */ = {
			isa = PBXFrameworksBuildPhase;
			buildActionMask = 2147483647;
			files = (
				302F9B471E9BBA2D0065A630 /* UIKit.framework in Frameworks */,
				302F9B551E9BBAB50065A630 /* Foundation.framework in Frameworks */,
				302F9B491E9BBA410065A630 /* CoreGraphics.framework in Frameworks */,
				302F9B4B1E9BBA730065A630 /* AssetsLibrary.framework in Frameworks */,
				302F9B4D1E9BBA800065A630 /* AVFoundation.framework in Frameworks */,
				302F9B4F1E9BBA930065A630 /* CoreVideo.framework in Frameworks */,
				302F9B511E9BBA9D0065A630 /* CoreMedia.framework in Frameworks */,
				302F9B531E9BBAA80065A630 /* QuartzCore.framework in Frameworks */,
				4A3819B1240D2C56E8C12FDB /* libPods-ClarionNavigation.a in Frameworks */,
			);
			runOnlyForDeploymentPostprocessing = 0;
		};
		302F9B241E9A91640065A630 /* Frameworks */ = {
			isa = PBXFrameworksBuildPhase;
			buildActionMask = 2147483647;
			files = (
			);
			runOnlyForDeploymentPostprocessing = 0;
		};
		302F9B2F1E9A91640065A630 /* Frameworks */ = {
			isa = PBXFrameworksBuildPhase;
			buildActionMask = 2147483647;
			files = (
			);
			runOnlyForDeploymentPostprocessing = 0;
		};
/* End PBXFrameworksBuildPhase section */

/* Begin PBXGroup section */
		302F9B021E9A91640065A630 = {
			isa = PBXGroup;
			children = (
				302F9B0D1E9A91640065A630 /* ClarionNavigation */,
				302F9B561E9BBBDA0065A630 /* ScreenCapture */,
				302F9B2A1E9A91640065A630 /* ClarionNavigationTests */,
				302F9B351E9A91640065A630 /* ClarionNavigationUITests */,
				302F9B0C1E9A91640065A630 /* Products */,
				92384684255843CEF03FDD86 /* Pods */,
				9E13F0017A8AC23CC23571D3 /* Frameworks */,
			);
			sourceTree = "<group>";
		};
		302F9B0C1E9A91640065A630 /* Products */ = {
			isa = PBXGroup;
			children = (
				302F9B0B1E9A91640065A630 /* ClarionNavigation.app */,
				302F9B271E9A91640065A630 /* ClarionNavigationTests.xctest */,
				302F9B321E9A91640065A630 /* ClarionNavigationUITests.xctest */,
			);
			name = Products;
			sourceTree = "<group>";
		};
		302F9B0D1E9A91640065A630 /* ClarionNavigation */ = {
			isa = PBXGroup;
			children = (
				3E5E964B1EA76EBF000BD2C2 /* SearchControllerHandler */,
				3E5E962A1EA6846E000BD2C2 /* Views */,
				302F9B111E9A91640065A630 /* AppDelegate.h */,
				302F9B121E9A91640065A630 /* AppDelegate.m */,
				302F9B141E9A91640065A630 /* ViewController.h */,
				302F9B151E9A91640065A630 /* ViewController.m */,
				302F9B171E9A91640065A630 /* Main.storyboard */,
				302F9B1D1E9A91640065A630 /* Assets.xcassets */,
				302F9B1F1E9A91640065A630 /* LaunchScreen.storyboard */,
				302F9B221E9A91640065A630 /* Info.plist */,
				302F9B1A1E9A91640065A630 /* ClarionNavigation.xcdatamodeld */,
				3E5E96471EA76CF9000BD2C2 /* Helpers */,
				302F9B0E1E9A91640065A630 /* Supporting Files */,
			);
			path = ClarionNavigation;
			sourceTree = "<group>";
		};
		302F9B0E1E9A91640065A630 /* Supporting Files */ = {
			isa = PBXGroup;
			children = (
				302F9B0F1E9A91640065A630 /* main.m */,
			);
			name = "Supporting Files";
			sourceTree = "<group>";
		};
		302F9B2A1E9A91640065A630 /* ClarionNavigationTests */ = {
			isa = PBXGroup;
			children = (
				302F9B2B1E9A91640065A630 /* ClarionNavigationTests.m */,
				302F9B2D1E9A91640065A630 /* Info.plist */,
			);
			path = ClarionNavigationTests;
			sourceTree = "<group>";
		};
		302F9B351E9A91640065A630 /* ClarionNavigationUITests */ = {
			isa = PBXGroup;
			children = (
				302F9B361E9A91640065A630 /* ClarionNavigationUITests.m */,
				302F9B381E9A91640065A630 /* Info.plist */,
			);
			path = ClarionNavigationUITests;
			sourceTree = "<group>";
		};
		302F9B561E9BBBDA0065A630 /* ScreenCapture */ = {
			isa = PBXGroup;
			children = (
			);
			name = ScreenCapture;
			path = ClarionNavigation;
			sourceTree = "<group>";
		};
		3E5E962A1EA6846E000BD2C2 /* Views */ = {
			isa = PBXGroup;
			children = (
				3E5E96301EA68CE3000BD2C2 /* MainMenu */,
				3E5E96551EA7A0B4000BD2C2 /* RoundedView */,
			);
			path = Views;
			sourceTree = "<group>";
		};
		3E5E96301EA68CE3000BD2C2 /* MainMenu */ = {
			isa = PBXGroup;
			children = (
				3E5E96311EA68CE3000BD2C2 /* MainMenuView.h */,
				3E5E96321EA68CE3000BD2C2 /* MainMenuView.m */,
				3E5E96331EA68CE3000BD2C2 /* MainMenuView.xib */,
			);
			path = MainMenu;
			sourceTree = "<group>";
		};
		3E5E96471EA76CF9000BD2C2 /* Helpers */ = {
			isa = PBXGroup;
			children = (
				3E5E96481EA76D06000BD2C2 /* UIColor+Clarion.h */,
				3E5E96491EA76D06000BD2C2 /* UIColor+Clarion.m */,
			);
			path = Helpers;
			sourceTree = "<group>";
		};
		3E5E964B1EA76EBF000BD2C2 /* SearchControllerHandler */ = {
			isa = PBXGroup;
			children = (
				3E5E964C1EA76ECA000BD2C2 /* SearchControllerHandler.h */,
				3E5E964D1EA76ECA000BD2C2 /* SearchControllerHandler.m */,
				3E5E964F1EA77E60000BD2C2 /* ClarionSearchBar.h */,
				3E5E96501EA77E60000BD2C2 /* ClarionSearchBar.m */,
				3E5E96521EA77EB0000BD2C2 /* ClarionSearchController.h */,
				3E5E96531EA77EB0000BD2C2 /* ClarionSearchController.m */,
			);
			path = SearchControllerHandler;
			sourceTree = "<group>";
		};
		3E5E96551EA7A0B4000BD2C2 /* RoundedView */ = {
			isa = PBXGroup;
			children = (
				3E5E96561EA7A0BF000BD2C2 /* RoundedView.h */,
				3E5E96571EA7A0BF000BD2C2 /* RoundedView.m */,
			);
			path = RoundedView;
			sourceTree = "<group>";
		};
		92384684255843CEF03FDD86 /* Pods */ = {
			isa = PBXGroup;
			children = (
				903BAB818436100B6B977E53 /* Pods-ClarionNavigation.debug.xcconfig */,
				D2F3A2A72DFE61ED23115DE3 /* Pods-ClarionNavigation.release.xcconfig */,
			);
			name = Pods;
			sourceTree = "<group>";
		};
		9E13F0017A8AC23CC23571D3 /* Frameworks */ = {
			isa = PBXGroup;
			children = (
				302F9B541E9BBAB50065A630 /* Foundation.framework */,
				302F9B521E9BBAA80065A630 /* QuartzCore.framework */,
				302F9B501E9BBA9D0065A630 /* CoreMedia.framework */,
				302F9B4E1E9BBA930065A630 /* CoreVideo.framework */,
				302F9B4C1E9BBA800065A630 /* AVFoundation.framework */,
				302F9B4A1E9BBA730065A630 /* AssetsLibrary.framework */,
				302F9B481E9BBA410065A630 /* CoreGraphics.framework */,
				302F9B461E9BBA2D0065A630 /* UIKit.framework */,
				CD13EB4E535FCD5AF62032EB /* libPods-ClarionNavigation.a */,
			);
			name = Frameworks;
			sourceTree = "<group>";
		};
/* End PBXGroup section */

/* Begin PBXNativeTarget section */
		302F9B0A1E9A91640065A630 /* ClarionNavigation */ = {
			isa = PBXNativeTarget;
			buildConfigurationList = 302F9B3B1E9A91640065A630 /* Build configuration list for PBXNativeTarget "ClarionNavigation" */;
			buildPhases = (
				015ED282E0BA3FAD8A3B77EE /* [CP] Check Pods Manifest.lock */,
				302F9B071E9A91640065A630 /* Sources */,
				302F9B081E9A91640065A630 /* Frameworks */,
				302F9B091E9A91640065A630 /* Resources */,
				5BE720B56BB1A144ADA94540 /* [CP] Embed Pods Frameworks */,
				8028EB6F566799A6C2A858A0 /* [CP] Copy Pods Resources */,
			);
			buildRules = (
			);
			dependencies = (
			);
			name = ClarionNavigation;
			productName = ClarionNavigation;
			productReference = 302F9B0B1E9A91640065A630 /* ClarionNavigation.app */;
			productType = "com.apple.product-type.application";
		};
		302F9B261E9A91640065A630 /* ClarionNavigationTests */ = {
			isa = PBXNativeTarget;
			buildConfigurationList = 302F9B3E1E9A91640065A630 /* Build configuration list for PBXNativeTarget "ClarionNavigationTests" */;
			buildPhases = (
				302F9B231E9A91640065A630 /* Sources */,
				302F9B241E9A91640065A630 /* Frameworks */,
				302F9B251E9A91640065A630 /* Resources */,
			);
			buildRules = (
			);
			dependencies = (
				302F9B291E9A91640065A630 /* PBXTargetDependency */,
			);
			name = ClarionNavigationTests;
			productName = ClarionNavigationTests;
			productReference = 302F9B271E9A91640065A630 /* ClarionNavigationTests.xctest */;
			productType = "com.apple.product-type.bundle.unit-test";
		};
		302F9B311E9A91640065A630 /* ClarionNavigationUITests */ = {
			isa = PBXNativeTarget;
			buildConfigurationList = 302F9B411E9A91640065A630 /* Build configuration list for PBXNativeTarget "ClarionNavigationUITests" */;
			buildPhases = (
				302F9B2E1E9A91640065A630 /* Sources */,
				302F9B2F1E9A91640065A630 /* Frameworks */,
				302F9B301E9A91640065A630 /* Resources */,
			);
			buildRules = (
			);
			dependencies = (
				302F9B341E9A91640065A630 /* PBXTargetDependency */,
			);
			name = ClarionNavigationUITests;
			productName = ClarionNavigationUITests;
			productReference = 302F9B321E9A91640065A630 /* ClarionNavigationUITests.xctest */;
			productType = "com.apple.product-type.bundle.ui-testing";
		};
/* End PBXNativeTarget section */

/* Begin PBXProject section */
		302F9B031E9A91640065A630 /* Project object */ = {
			isa = PBXProject;
			attributes = {
				LastUpgradeCheck = 0830;
				ORGANIZATIONNAME = Luxoft;
				TargetAttributes = {
					302F9B0A1E9A91640065A630 = {
						CreatedOnToolsVersion = 8.3;
						DevelopmentTeam = 5NBNSZSEH3;
						ProvisioningStyle = Automatic;
						SystemCapabilities = {
							com.apple.BackgroundModes = {
								enabled = 1;
							};
						};
					};
					302F9B261E9A91640065A630 = {
						CreatedOnToolsVersion = 8.3;
						DevelopmentTeam = 5NBNSZSEH3;
						ProvisioningStyle = Automatic;
						TestTargetID = 302F9B0A1E9A91640065A630;
					};
					302F9B311E9A91640065A630 = {
						CreatedOnToolsVersion = 8.3;
						DevelopmentTeam = 5NBNSZSEH3;
						ProvisioningStyle = Automatic;
						TestTargetID = 302F9B0A1E9A91640065A630;
					};
				};
			};
			buildConfigurationList = 302F9B061E9A91640065A630 /* Build configuration list for PBXProject "ClarionNavigation" */;
			compatibilityVersion = "Xcode 3.2";
			developmentRegion = English;
			hasScannedForEncodings = 0;
			knownRegions = (
				en,
				Base,
			);
			mainGroup = 302F9B021E9A91640065A630;
			productRefGroup = 302F9B0C1E9A91640065A630 /* Products */;
			projectDirPath = "";
			projectRoot = "";
			targets = (
				302F9B0A1E9A91640065A630 /* ClarionNavigation */,
				302F9B261E9A91640065A630 /* ClarionNavigationTests */,
				302F9B311E9A91640065A630 /* ClarionNavigationUITests */,
			);
		};
/* End PBXProject section */

/* Begin PBXResourcesBuildPhase section */
		302F9B091E9A91640065A630 /* Resources */ = {
			isa = PBXResourcesBuildPhase;
			buildActionMask = 2147483647;
			files = (
				302F9B211E9A91640065A630 /* LaunchScreen.storyboard in Resources */,
				302F9B1E1E9A91640065A630 /* Assets.xcassets in Resources */,
				3E5E96351EA68CE3000BD2C2 /* MainMenuView.xib in Resources */,
				302F9B191E9A91640065A630 /* Main.storyboard in Resources */,
			);
			runOnlyForDeploymentPostprocessing = 0;
		};
		302F9B251E9A91640065A630 /* Resources */ = {
			isa = PBXResourcesBuildPhase;
			buildActionMask = 2147483647;
			files = (
			);
			runOnlyForDeploymentPostprocessing = 0;
		};
		302F9B301E9A91640065A630 /* Resources */ = {
			isa = PBXResourcesBuildPhase;
			buildActionMask = 2147483647;
			files = (
			);
			runOnlyForDeploymentPostprocessing = 0;
		};
/* End PBXResourcesBuildPhase section */

/* Begin PBXShellScriptBuildPhase section */
		015ED282E0BA3FAD8A3B77EE /* [CP] Check Pods Manifest.lock */ = {
			isa = PBXShellScriptBuildPhase;
			buildActionMask = 2147483647;
			files = (
			);
			inputPaths = (
			);
			name = "[CP] Check Pods Manifest.lock";
			outputPaths = (
			);
			runOnlyForDeploymentPostprocessing = 0;
			shellPath = /bin/sh;
			shellScript = "diff \"${PODS_ROOT}/../Podfile.lock\" \"${PODS_ROOT}/Manifest.lock\" > /dev/null\nif [ $? != 0 ] ; then\n    # print error to STDERR\n    echo \"error: The sandbox is not in sync with the Podfile.lock. Run 'pod install' or update your CocoaPods installation.\" >&2\n    exit 1\nfi\n";
			showEnvVarsInLog = 0;
		};
		5BE720B56BB1A144ADA94540 /* [CP] Embed Pods Frameworks */ = {
			isa = PBXShellScriptBuildPhase;
			buildActionMask = 2147483647;
			files = (
			);
			inputPaths = (
			);
			name = "[CP] Embed Pods Frameworks";
			outputPaths = (
			);
			runOnlyForDeploymentPostprocessing = 0;
			shellPath = /bin/sh;
			shellScript = "\"${SRCROOT}/Pods/Target Support Files/Pods-ClarionNavigation/Pods-ClarionNavigation-frameworks.sh\"\n";
			showEnvVarsInLog = 0;
		};
		8028EB6F566799A6C2A858A0 /* [CP] Copy Pods Resources */ = {
			isa = PBXShellScriptBuildPhase;
			buildActionMask = 2147483647;
			files = (
			);
			inputPaths = (
			);
			name = "[CP] Copy Pods Resources";
			outputPaths = (
			);
			runOnlyForDeploymentPostprocessing = 0;
			shellPath = /bin/sh;
			shellScript = "\"${SRCROOT}/Pods/Target Support Files/Pods-ClarionNavigation/Pods-ClarionNavigation-resources.sh\"\n";
			showEnvVarsInLog = 0;
		};
/* End PBXShellScriptBuildPhase section */

/* Begin PBXSourcesBuildPhase section */
		302F9B071E9A91640065A630 /* Sources */ = {
			isa = PBXSourcesBuildPhase;
			buildActionMask = 2147483647;
			files = (
				3E5E96511EA77E60000BD2C2 /* ClarionSearchBar.m in Sources */,
				3E5E96341EA68CE3000BD2C2 /* MainMenuView.m in Sources */,
				302F9B161E9A91640065A630 /* ViewController.m in Sources */,
				3E5E964A1EA76D06000BD2C2 /* UIColor+Clarion.m in Sources */,
				302F9B131E9A91640065A630 /* AppDelegate.m in Sources */,
				302F9B1C1E9A91640065A630 /* ClarionNavigation.xcdatamodeld in Sources */,
				3E5E964E1EA76ECA000BD2C2 /* SearchControllerHandler.m in Sources */,
				302F9B101E9A91640065A630 /* main.m in Sources */,
				3E5E96581EA7A0BF000BD2C2 /* RoundedView.m in Sources */,
				3E5E96541EA77EB0000BD2C2 /* ClarionSearchController.m in Sources */,
			);
			runOnlyForDeploymentPostprocessing = 0;
		};
		302F9B231E9A91640065A630 /* Sources */ = {
			isa = PBXSourcesBuildPhase;
			buildActionMask = 2147483647;
			files = (
				302F9B2C1E9A91640065A630 /* ClarionNavigationTests.m in Sources */,
			);
			runOnlyForDeploymentPostprocessing = 0;
		};
		302F9B2E1E9A91640065A630 /* Sources */ = {
			isa = PBXSourcesBuildPhase;
			buildActionMask = 2147483647;
			files = (
				302F9B371E9A91640065A630 /* ClarionNavigationUITests.m in Sources */,
			);
			runOnlyForDeploymentPostprocessing = 0;
		};
/* End PBXSourcesBuildPhase section */

/* Begin PBXTargetDependency section */
		302F9B291E9A91640065A630 /* PBXTargetDependency */ = {
			isa = PBXTargetDependency;
			target = 302F9B0A1E9A91640065A630 /* ClarionNavigation */;
			targetProxy = 302F9B281E9A91640065A630 /* PBXContainerItemProxy */;
		};
		302F9B341E9A91640065A630 /* PBXTargetDependency */ = {
			isa = PBXTargetDependency;
			target = 302F9B0A1E9A91640065A630 /* ClarionNavigation */;
			targetProxy = 302F9B331E9A91640065A630 /* PBXContainerItemProxy */;
		};
/* End PBXTargetDependency section */

/* Begin PBXVariantGroup section */
		302F9B171E9A91640065A630 /* Main.storyboard */ = {
			isa = PBXVariantGroup;
			children = (
				302F9B181E9A91640065A630 /* Base */,
			);
			name = Main.storyboard;
			sourceTree = "<group>";
		};
		302F9B1F1E9A91640065A630 /* LaunchScreen.storyboard */ = {
			isa = PBXVariantGroup;
			children = (
				302F9B201E9A91640065A630 /* Base */,
			);
			name = LaunchScreen.storyboard;
			sourceTree = "<group>";
		};
/* End PBXVariantGroup section */

/* Begin XCBuildConfiguration section */
		302F9B391E9A91640065A630 /* Debug */ = {
			isa = XCBuildConfiguration;
			buildSettings = {
				ALWAYS_SEARCH_USER_PATHS = NO;
				CLANG_ANALYZER_NONNULL = YES;
				CLANG_ANALYZER_NUMBER_OBJECT_CONVERSION = YES_AGGRESSIVE;
				CLANG_CXX_LANGUAGE_STANDARD = "gnu++0x";
				CLANG_CXX_LIBRARY = "libc++";
				CLANG_ENABLE_MODULES = YES;
				CLANG_ENABLE_OBJC_ARC = YES;
				CLANG_WARN_BOOL_CONVERSION = YES;
				CLANG_WARN_CONSTANT_CONVERSION = YES;
				CLANG_WARN_DIRECT_OBJC_ISA_USAGE = YES_ERROR;
				CLANG_WARN_DOCUMENTATION_COMMENTS = YES;
				CLANG_WARN_EMPTY_BODY = YES;
				CLANG_WARN_ENUM_CONVERSION = YES;
				CLANG_WARN_INFINITE_RECURSION = YES;
				CLANG_WARN_INT_CONVERSION = YES;
				CLANG_WARN_OBJC_ROOT_CLASS = YES_ERROR;
				CLANG_WARN_SUSPICIOUS_MOVE = YES;
				CLANG_WARN_UNREACHABLE_CODE = YES;
				CLANG_WARN__DUPLICATE_METHOD_MATCH = YES;
				"CODE_SIGN_IDENTITY[sdk=iphoneos*]" = "iPhone Developer";
				COPY_PHASE_STRIP = NO;
				DEBUG_INFORMATION_FORMAT = dwarf;
				ENABLE_STRICT_OBJC_MSGSEND = YES;
				ENABLE_TESTABILITY = YES;
				GCC_C_LANGUAGE_STANDARD = gnu99;
				GCC_DYNAMIC_NO_PIC = NO;
				GCC_NO_COMMON_BLOCKS = YES;
				GCC_OPTIMIZATION_LEVEL = 0;
				GCC_PREPROCESSOR_DEFINITIONS = (
					"DEBUG=1",
					"$(inherited)",
				);
				GCC_WARN_64_TO_32_BIT_CONVERSION = YES;
				GCC_WARN_ABOUT_RETURN_TYPE = YES_ERROR;
				GCC_WARN_UNDECLARED_SELECTOR = YES;
				GCC_WARN_UNINITIALIZED_AUTOS = YES_AGGRESSIVE;
				GCC_WARN_UNUSED_FUNCTION = YES;
				GCC_WARN_UNUSED_VARIABLE = YES;
				IPHONEOS_DEPLOYMENT_TARGET = 10.3;
				MTL_ENABLE_DEBUG_INFO = YES;
				ONLY_ACTIVE_ARCH = YES;
				SDKROOT = iphoneos;
				TARGETED_DEVICE_FAMILY = "1,2";
			};
			name = Debug;
		};
		302F9B3A1E9A91640065A630 /* Release */ = {
			isa = XCBuildConfiguration;
			buildSettings = {
				ALWAYS_SEARCH_USER_PATHS = NO;
				CLANG_ANALYZER_NONNULL = YES;
				CLANG_ANALYZER_NUMBER_OBJECT_CONVERSION = YES_AGGRESSIVE;
				CLANG_CXX_LANGUAGE_STANDARD = "gnu++0x";
				CLANG_CXX_LIBRARY = "libc++";
				CLANG_ENABLE_MODULES = YES;
				CLANG_ENABLE_OBJC_ARC = YES;
				CLANG_WARN_BOOL_CONVERSION = YES;
				CLANG_WARN_CONSTANT_CONVERSION = YES;
				CLANG_WARN_DIRECT_OBJC_ISA_USAGE = YES_ERROR;
				CLANG_WARN_DOCUMENTATION_COMMENTS = YES;
				CLANG_WARN_EMPTY_BODY = YES;
				CLANG_WARN_ENUM_CONVERSION = YES;
				CLANG_WARN_INFINITE_RECURSION = YES;
				CLANG_WARN_INT_CONVERSION = YES;
				CLANG_WARN_OBJC_ROOT_CLASS = YES_ERROR;
				CLANG_WARN_SUSPICIOUS_MOVE = YES;
				CLANG_WARN_UNREACHABLE_CODE = YES;
				CLANG_WARN__DUPLICATE_METHOD_MATCH = YES;
				"CODE_SIGN_IDENTITY[sdk=iphoneos*]" = "iPhone Developer";
				COPY_PHASE_STRIP = NO;
				DEBUG_INFORMATION_FORMAT = "dwarf-with-dsym";
				ENABLE_NS_ASSERTIONS = NO;
				ENABLE_STRICT_OBJC_MSGSEND = YES;
				GCC_C_LANGUAGE_STANDARD = gnu99;
				GCC_NO_COMMON_BLOCKS = YES;
				GCC_WARN_64_TO_32_BIT_CONVERSION = YES;
				GCC_WARN_ABOUT_RETURN_TYPE = YES_ERROR;
				GCC_WARN_UNDECLARED_SELECTOR = YES;
				GCC_WARN_UNINITIALIZED_AUTOS = YES_AGGRESSIVE;
				GCC_WARN_UNUSED_FUNCTION = YES;
				GCC_WARN_UNUSED_VARIABLE = YES;
				IPHONEOS_DEPLOYMENT_TARGET = 10.3;
				MTL_ENABLE_DEBUG_INFO = NO;
				SDKROOT = iphoneos;
				TARGETED_DEVICE_FAMILY = "1,2";
				VALIDATE_PRODUCT = YES;
			};
			name = Release;
		};
		302F9B3C1E9A91640065A630 /* Debug */ = {
			isa = XCBuildConfiguration;
			baseConfigurationReference = 903BAB818436100B6B977E53 /* Pods-ClarionNavigation.debug.xcconfig */;
			buildSettings = {
				ASSETCATALOG_COMPILER_APPICON_NAME = AppIcon;
				DEVELOPMENT_TEAM = 5NBNSZSEH3;
				INFOPLIST_FILE = ClarionNavigation/Info.plist;
				LD_RUNPATH_SEARCH_PATHS = "$(inherited) @executable_path/Frameworks";
				PRODUCT_BUNDLE_IDENTIFIER = com.Clarion.ClarionNavigation;
				PRODUCT_NAME = "$(TARGET_NAME)";
			};
			name = Debug;
		};
		302F9B3D1E9A91640065A630 /* Release */ = {
			isa = XCBuildConfiguration;
			baseConfigurationReference = D2F3A2A72DFE61ED23115DE3 /* Pods-ClarionNavigation.release.xcconfig */;
			buildSettings = {
				ASSETCATALOG_COMPILER_APPICON_NAME = AppIcon;
				DEVELOPMENT_TEAM = 5NBNSZSEH3;
				INFOPLIST_FILE = ClarionNavigation/Info.plist;
				LD_RUNPATH_SEARCH_PATHS = "$(inherited) @executable_path/Frameworks";
				PRODUCT_BUNDLE_IDENTIFIER = com.Clarion.ClarionNavigation;
				PRODUCT_NAME = "$(TARGET_NAME)";
			};
			name = Release;
		};
		302F9B3F1E9A91640065A630 /* Debug */ = {
			isa = XCBuildConfiguration;
			buildSettings = {
				BUNDLE_LOADER = "$(TEST_HOST)";
				DEVELOPMENT_TEAM = 5NBNSZSEH3;
				INFOPLIST_FILE = ClarionNavigationTests/Info.plist;
				LD_RUNPATH_SEARCH_PATHS = "$(inherited) @executable_path/Frameworks @loader_path/Frameworks";
				PRODUCT_BUNDLE_IDENTIFIER = com.Clarion.ClarionNavigationTests;
				PRODUCT_NAME = "$(TARGET_NAME)";
				TEST_HOST = "$(BUILT_PRODUCTS_DIR)/ClarionNavigation.app/ClarionNavigation";
			};
			name = Debug;
		};
		302F9B401E9A91640065A630 /* Release */ = {
			isa = XCBuildConfiguration;
			buildSettings = {
				BUNDLE_LOADER = "$(TEST_HOST)";
				DEVELOPMENT_TEAM = 5NBNSZSEH3;
				INFOPLIST_FILE = ClarionNavigationTests/Info.plist;
				LD_RUNPATH_SEARCH_PATHS = "$(inherited) @executable_path/Frameworks @loader_path/Frameworks";
				PRODUCT_BUNDLE_IDENTIFIER = com.Clarion.ClarionNavigationTests;
				PRODUCT_NAME = "$(TARGET_NAME)";
				TEST_HOST = "$(BUILT_PRODUCTS_DIR)/ClarionNavigation.app/ClarionNavigation";
			};
			name = Release;
		};
		302F9B421E9A91640065A630 /* Debug */ = {
			isa = XCBuildConfiguration;
			buildSettings = {
				DEVELOPMENT_TEAM = 5NBNSZSEH3;
				INFOPLIST_FILE = ClarionNavigationUITests/Info.plist;
				LD_RUNPATH_SEARCH_PATHS = "$(inherited) @executable_path/Frameworks @loader_path/Frameworks";
				PRODUCT_BUNDLE_IDENTIFIER = com.Clarion.ClarionNavigationUITests;
				PRODUCT_NAME = "$(TARGET_NAME)";
				TEST_TARGET_NAME = ClarionNavigation;
			};
			name = Debug;
		};
		302F9B431E9A91640065A630 /* Release */ = {
			isa = XCBuildConfiguration;
			buildSettings = {
				DEVELOPMENT_TEAM = 5NBNSZSEH3;
				INFOPLIST_FILE = ClarionNavigationUITests/Info.plist;
				LD_RUNPATH_SEARCH_PATHS = "$(inherited) @executable_path/Frameworks @loader_path/Frameworks";
				PRODUCT_BUNDLE_IDENTIFIER = com.Clarion.ClarionNavigationUITests;
				PRODUCT_NAME = "$(TARGET_NAME)";
				TEST_TARGET_NAME = ClarionNavigation;
			};
			name = Release;
		};
/* End XCBuildConfiguration section */

/* Begin XCConfigurationList section */
		302F9B061E9A91640065A630 /* Build configuration list for PBXProject "ClarionNavigation" */ = {
			isa = XCConfigurationList;
			buildConfigurations = (
				302F9B391E9A91640065A630 /* Debug */,
				302F9B3A1E9A91640065A630 /* Release */,
			);
			defaultConfigurationIsVisible = 0;
			defaultConfigurationName = Release;
		};
		302F9B3B1E9A91640065A630 /* Build configuration list for PBXNativeTarget "ClarionNavigation" */ = {
			isa = XCConfigurationList;
			buildConfigurations = (
				302F9B3C1E9A91640065A630 /* Debug */,
				302F9B3D1E9A91640065A630 /* Release */,
			);
			defaultConfigurationIsVisible = 0;
			defaultConfigurationName = Release;
		};
		302F9B3E1E9A91640065A630 /* Build configuration list for PBXNativeTarget "ClarionNavigationTests" */ = {
			isa = XCConfigurationList;
			buildConfigurations = (
				302F9B3F1E9A91640065A630 /* Debug */,
				302F9B401E9A91640065A630 /* Release */,
			);
			defaultConfigurationIsVisible = 0;
			defaultConfigurationName = Release;
		};
		302F9B411E9A91640065A630 /* Build configuration list for PBXNativeTarget "ClarionNavigationUITests" */ = {
			isa = XCConfigurationList;
			buildConfigurations = (
				302F9B421E9A91640065A630 /* Debug */,
				302F9B431E9A91640065A630 /* Release */,
			);
			defaultConfigurationIsVisible = 0;
			defaultConfigurationName = Release;
		};
/* End XCConfigurationList section */

/* Begin XCVersionGroup section */
		302F9B1A1E9A91640065A630 /* ClarionNavigation.xcdatamodeld */ = {
			isa = XCVersionGroup;
			children = (
				302F9B1B1E9A91640065A630 /* ClarionNavigation.xcdatamodel */,
			);
			currentVersion = 302F9B1B1E9A91640065A630 /* ClarionNavigation.xcdatamodel */;
			path = ClarionNavigation.xcdatamodeld;
			sourceTree = "<group>";
			versionGroupType = wrapper.xcdatamodel;
		};
/* End XCVersionGroup section */
	};
	rootObject = 302F9B031E9A91640065A630 /* Project object */;
}
